
Microsoft Visual Studio Solution File, Format Version 12.00
# Visual Studio Version 17
VisualStudioVersion = 17.0.31919.166
MinimumVisualStudioVersion = 10.0.40219.1
Project("{FAE04EC0-301F-11D3-BF4B-00C04F79EFBC}") = "JokesManager", "JokesManager.csproj", "{90C29967-2C16-459A-A46C-C6726BB55E24}"
EndProject
Global
	GlobalSection(SolutionConfigurationPlatforms) = preSolution
		Debug|Any CPU = Debug|Any CPU
		Release|Any CPU = Release|Any CPU
	EndGlobalSection
	GlobalSection(ProjectConfigurationPlatforms) = postSolution
		{90C29967-2C16-459A-A46C-C6726BB55E24}.Debug|Any CPU.ActiveCfg = Debug|Any CPU
		{90C29967-2C16-459A-A46C-C6726BB55E24}.Debug|Any CPU.Build.0 = Debug|Any CPU
		{90C29967-2C16-459A-A46C-C6726BB55E24}.Release|Any CPU.ActiveCfg = Release|Any CPU
		{90C29967-2C16-459A-A46C-C6726BB55E24}.Release|Any CPU.Build.0 = Release|Any CPU
	EndGlobalSection
	GlobalSection(SolutionProperties) = preSolution
		HideSolutionNode = FALSE
	EndGlobalSection
	GlobalSection(ExtensibilityGlobals) = postSolution
		SolutionGuid = {782E5ACB-DEA9-450C-BA65-C95595031D52}
	EndGlobalSection
EndGlobal
